// !$*UTF8*$!
{
	archiveVersion = 1;
	classes = {
	};
	objectVersion = 56;
	objects = {

/* Begin PBXBuildFile section */
		A634B4012A1F893B00DD8598 /* CEP_RApp.swift in Sources */ = {isa = PBXBuildFile; fileRef = A634B4002A1F893B00DD8598 /* CEP_RApp.swift */; };
		A634B4032A1F893B00DD8598 /* ContentView.swift in Sources */ = {isa = PBXBuildFile; fileRef = A634B4022A1F893B00DD8598 /* ContentView.swift */; };
		A634B4052A1F893C00DD8598 /* Assets.xcassets in Resources */ = {isa = PBXBuildFile; fileRef = A634B4042A1F893C00DD8598 /* Assets.xcassets */; };
		A634B4082A1F893C00DD8598 /* Preview Assets.xcassets in Resources */ = {isa = PBXBuildFile; fileRef = A634B4072A1F893C00DD8598 /* Preview Assets.xcassets */; };
		A634B4132A1F893C00DD8598 /* CEP_RTests.swift in Sources */ = {isa = PBXBuildFile; fileRef = A634B4122A1F893C00DD8598 /* CEP_RTests.swift */; };
		A634B41D2A1F893C00DD8598 /* CEP_RUITests.swift in Sources */ = {isa = PBXBuildFile; fileRef = A634B41C2A1F893C00DD8598 /* CEP_RUITests.swift */; };
		A634B41F2A1F893C00DD8598 /* CEP_RUITestsLaunchTests.swift in Sources */ = {isa = PBXBuildFile; fileRef = A634B41E2A1F893C00DD8598 /* CEP_RUITestsLaunchTests.swift */; };
/* End PBXBuildFile section */

/* Begin PBXContainerItemProxy section */
		A634B40F2A1F893C00DD8598 /* PBXContainerItemProxy */ = {
			isa = PBXContainerItemProxy;
			containerPortal = A634B3F52A1F893B00DD8598 /* Project object */;
			proxyType = 1;
			remoteGlobalIDString = A634B3FC2A1F893B00DD8598;
			remoteInfo = "CEP+R";
		};
		A634B4192A1F893C00DD8598 /* PBXContainerItemProxy */ = {
			isa = PBXContainerItemProxy;
			containerPortal = A634B3F52A1F893B00DD8598 /* Project object */;
			proxyType = 1;
			remoteGlobalIDString = A634B3FC2A1F893B00DD8598;
			remoteInfo = "CEP+R";
		};
/* End PBXContainerItemProxy section */

/* Begin PBXFileReference section */
		A634B3FD2A1F893B00DD8598 /* CEP+R.app */ = {isa = PBXFileReference; explicitFileType = wrapper.application; includeInIndex = 0; path = "CEP+R.app"; sourceTree = BUILT_PRODUCTS_DIR; };
		A634B4002A1F893B00DD8598 /* CEP_RApp.swift */ = {isa = PBXFileReference; lastKnownFileType = sourcecode.swift; path = CEP_RApp.swift; sourceTree = "<group>"; };
		A634B4022A1F893B00DD8598 /* ContentView.swift */ = {isa = PBXFileReference; lastKnownFileType = sourcecode.swift; path = ContentView.swift; sourceTree = "<group>"; };
		A634B4042A1F893C00DD8598 /* Assets.xcassets */ = {isa = PBXFileReference; lastKnownFileType = folder.assetcatalog; path = Assets.xcassets; sourceTree = "<group>"; };
		A634B4072A1F893C00DD8598 /* Preview Assets.xcassets */ = {isa = PBXFileReference; lastKnownFileType = folder.assetcatalog; path = "Preview Assets.xcassets"; sourceTree = "<group>"; };
		A634B4092A1F893C00DD8598 /* CEP_R.entitlements */ = {isa = PBXFileReference; lastKnownFileType = text.plist.entitlements; path = CEP_R.entitlements; sourceTree = "<group>"; };
		A634B40E2A1F893C00DD8598 /* CEP+RTests.xctest */ = {isa = PBXFileReference; explicitFileType = wrapper.cfbundle; includeInIndex = 0; path = "CEP+RTests.xctest"; sourceTree = BUILT_PRODUCTS_DIR; };
		A634B4122A1F893C00DD8598 /* CEP_RTests.swift */ = {isa = PBXFileReference; lastKnownFileType = sourcecode.swift; path = CEP_RTests.swift; sourceTree = "<group>"; };
		A634B4182A1F893C00DD8598 /* CEP+RUITests.xctest */ = {isa = PBXFileReference; explicitFileType = wrapper.cfbundle; includeInIndex = 0; path = "CEP+RUITests.xctest"; sourceTree = BUILT_PRODUCTS_DIR; };
		A634B41C2A1F893C00DD8598 /* CEP_RUITests.swift */ = {isa = PBXFileReference; lastKnownFileType = sourcecode.swift; path = CEP_RUITests.swift; sourceTree = "<group>"; };
		A634B41E2A1F893C00DD8598 /* CEP_RUITestsLaunchTests.swift */ = {isa = PBXFileReference; lastKnownFileType = sourcecode.swift; path = CEP_RUITestsLaunchTests.swift; sourceTree = "<group>"; };
/* End PBXFileReference section */

/* Begin PBXFrameworksBuildPhase section */
		A634B3FA2A1F893B00DD8598 /* Frameworks */ = {
			isa = PBXFrameworksBuildPhase;
			buildActionMask = 2147483647;
			files = (
			);
			runOnlyForDeploymentPostprocessing = 0;
		};
		A634B40B2A1F893C00DD8598 /* Frameworks */ = {
			isa = PBXFrameworksBuildPhase;
			buildActionMask = 2147483647;
			files = (
			);
			runOnlyForDeploymentPostprocessing = 0;
		};
		A634B4152A1F893C00DD8598 /* Frameworks */ = {
			isa = PBXFrameworksBuildPhase;
			buildActionMask = 2147483647;
			files = (
			);
			runOnlyForDeploymentPostprocessing = 0;
		};
/* End PBXFrameworksBuildPhase section */

/* Begin PBXGroup section */
		A634B3F42A1F893B00DD8598 = {
			isa = PBXGroup;
			children = (
				A634B3FF2A1F893B00DD8598 /* CEP+R */,
				A634B4112A1F893C00DD8598 /* CEP+RTests */,
				A634B41B2A1F893C00DD8598 /* CEP+RUITests */,
				A634B3FE2A1F893B00DD8598 /* Products */,
			);
			sourceTree = "<group>";
		};
		A634B3FE2A1F893B00DD8598 /* Products */ = {
			isa = PBXGroup;
			children = (
				A634B3FD2A1F893B00DD8598 /* CEP+R.app */,
				A634B40E2A1F893C00DD8598 /* CEP+RTests.xctest */,
				A634B4182A1F893C00DD8598 /* CEP+RUITests.xctest */,
			);
			name = Products;
			sourceTree = "<group>";
		};
		A634B3FF2A1F893B00DD8598 /* CEP+R */ = {
			isa = PBXGroup;
			children = (
				A634B4002A1F893B00DD8598 /* CEP_RApp.swift */,
				A634B4022A1F893B00DD8598 /* ContentView.swift */,
				A634B4042A1F893C00DD8598 /* Assets.xcassets */,
				A634B4092A1F893C00DD8598 /* CEP_R.entitlements */,
				A634B4062A1F893C00DD8598 /* Preview Content */,
			);
			path = "CEP+R";
			sourceTree = "<group>";
		};
		A634B4062A1F893C00DD8598 /* Preview Content */ = {
			isa = PBXGroup;
			children = (
				A634B4072A1F893C00DD8598 /* Preview Assets.xcassets */,
			);
			path = "Preview Content";
			sourceTree = "<group>";
		};
		A634B4112A1F893C00DD8598 /* CEP+RTests */ = {
			isa = PBXGroup;
			children = (
				A634B4122A1F893C00DD8598 /* CEP_RTests.swift */,
			);
			path = "CEP+RTests";
			sourceTree = "<group>";
		};
		A634B41B2A1F893C00DD8598 /* CEP+RUITests */ = {
			isa = PBXGroup;
			children = (
				A634B41C2A1F893C00DD8598 /* CEP_RUITests.swift */,
				A634B41E2A1F893C00DD8598 /* CEP_RUITestsLaunchTests.swift */,
			);
			path = "CEP+RUITests";
			sourceTree = "<group>";
		};
/* End PBXGroup section */

/* Begin PBXNativeTarget section */
		A634B3FC2A1F893B00DD8598 /* CEP+R */ = {
			isa = PBXNativeTarget;
			buildConfigurationList = A634B4222A1F893C00DD8598 /* Build configuration list for PBXNativeTarget "CEP+R" */;
			buildPhases = (
				A634B3F92A1F893B00DD8598 /* Sources */,
				A634B3FA2A1F893B00DD8598 /* Frameworks */,
				A634B3FB2A1F893B00DD8598 /* Resources */,
			);
			buildRules = (
			);
			dependencies = (
			);
			name = "CEP+R";
			productName = "CEP+R";
			productReference = A634B3FD2A1F893B00DD8598 /* CEP+R.app */;
			productType = "com.apple.product-type.application";
		};
		A634B40D2A1F893C00DD8598 /* CEP+RTests */ = {
			isa = PBXNativeTarget;
			buildConfigurationList = A634B4252A1F893C00DD8598 /* Build configuration list for PBXNativeTarget "CEP+RTests" */;
			buildPhases = (
				A634B40A2A1F893C00DD8598 /* Sources */,
				A634B40B2A1F893C00DD8598 /* Frameworks */,
				A634B40C2A1F893C00DD8598 /* Resources */,
			);
			buildRules = (
			);
			dependencies = (
				A634B4102A1F893C00DD8598 /* PBXTargetDependency */,
			);
			name = "CEP+RTests";
			productName = "CEP+RTests";
			productReference = A634B40E2A1F893C00DD8598 /* CEP+RTests.xctest */;
			productType = "com.apple.product-type.bundle.unit-test";
		};
		A634B4172A1F893C00DD8598 /* CEP+RUITests */ = {
			isa = PBXNativeTarget;
			buildConfigurationList = A634B4282A1F893C00DD8598 /* Build configuration list for PBXNativeTarget "CEP+RUITests" */;
			buildPhases = (
				A634B4142A1F893C00DD8598 /* Sources */,
				A634B4152A1F893C00DD8598 /* Frameworks */,
				A634B4162A1F893C00DD8598 /* Resources */,
			);
			buildRules = (
			);
			dependencies = (
				A634B41A2A1F893C00DD8598 /* PBXTargetDependency */,
			);
			name = "CEP+RUITests";
			productName = "CEP+RUITests";
			productReference = A634B4182A1F893C00DD8598 /* CEP+RUITests.xctest */;
			productType = "com.apple.product-type.bundle.ui-testing";
		};
/* End PBXNativeTarget section */

/* Begin PBXProject section */
		A634B3F52A1F893B00DD8598 /* Project object */ = {
			isa = PBXProject;
			attributes = {
				BuildIndependentTargetsInParallel = 1;
				LastSwiftUpdateCheck = 1430;
				LastUpgradeCheck = 1430;
				TargetAttributes = {
					A634B3FC2A1F893B00DD8598 = {
						CreatedOnToolsVersion = 14.3;
					};
					A634B40D2A1F893C00DD8598 = {
						CreatedOnToolsVersion = 14.3;
						TestTargetID = A634B3FC2A1F893B00DD8598;
					};
					A634B4172A1F893C00DD8598 = {
						CreatedOnToolsVersion = 14.3;
						TestTargetID = A634B3FC2A1F893B00DD8598;
					};
				};
			};
			buildConfigurationList = A634B3F82A1F893B00DD8598 /* Build configuration list for PBXProject "CEP+R" */;
			compatibilityVersion = "Xcode 14.0";
			developmentRegion = en;
			hasScannedForEncodings = 0;
			knownRegions = (
				en,
				Base,
			);
			mainGroup = A634B3F42A1F893B00DD8598;
			productRefGroup = A634B3FE2A1F893B00DD8598 /* Products */;
			projectDirPath = "";
			projectRoot = "";
			targets = (
				A634B3FC2A1F893B00DD8598 /* CEP+R */,
				A634B40D2A1F893C00DD8598 /* CEP+RTests */,
				A634B4172A1F893C00DD8598 /* CEP+RUITests */,
			);
		};
/* End PBXProject section */

/* Begin PBXResourcesBuildPhase section */
		A634B3FB2A1F893B00DD8598 /* Resources */ = {
			isa = PBXResourcesBuildPhase;
			buildActionMask = 2147483647;
			files = (
				A634B4082A1F893C00DD8598 /* Preview Assets.xcassets in Resources */,
				A634B4052A1F893C00DD8598 /* Assets.xcassets in Resources */,
			);
			runOnlyForDeploymentPostprocessing = 0;
		};
		A634B40C2A1F893C00DD8598 /* Resources */ = {
			isa = PBXResourcesBuildPhase;
			buildActionMask = 2147483647;
			files = (
			);
			runOnlyForDeploymentPostprocessing = 0;
		};
		A634B4162A1F893C00DD8598 /* Resources */ = {
			isa = PBXResourcesBuildPhase;
			buildActionMask = 2147483647;
			files = (
			);
			runOnlyForDeploymentPostprocessing = 0;
		};
/* End PBXResourcesBuildPhase section */

/* Begin PBXSourcesBuildPhase section */
		A634B3F92A1F893B00DD8598 /* Sources */ = {
			isa = PBXSourcesBuildPhase;
			buildActionMask = 2147483647;
			files = (
				A634B4032A1F893B00DD8598 /* ContentView.swift in Sources */,
				A634B4012A1F893B00DD8598 /* CEP_RApp.swift in Sources */,
			);
			runOnlyForDeploymentPostprocessing = 0;
		};
		A634B40A2A1F893C00DD8598 /* Sources */ = {
			isa = PBXSourcesBuildPhase;
			buildActionMask = 2147483647;
			files = (
				A634B4132A1F893C00DD8598 /* CEP_RTests.swift in Sources */,
			);
			runOnlyForDeploymentPostprocessing = 0;
		};
		A634B4142A1F893C00DD8598 /* Sources */ = {
			isa = PBXSourcesBuildPhase;
			buildActionMask = 2147483647;
			files = (
				A634B41F2A1F893C00DD8598 /* CEP_RUITestsLaunchTests.swift in Sources */,
				A634B41D2A1F893C00DD8598 /* CEP_RUITests.swift in Sources */,
			);
			runOnlyForDeploymentPostprocessing = 0;
		};
/* End PBXSourcesBuildPhase section */

/* Begin PBXTargetDependency section */
		A634B4102A1F893C00DD8598 /* PBXTargetDependency */ = {
			isa = PBXTargetDependency;
			target = A634B3FC2A1F893B00DD8598 /* CEP+R */;
			targetProxy = A634B40F2A1F893C00DD8598 /* PBXContainerItemProxy */;
		};
		A634B41A2A1F893C00DD8598 /* PBXTargetDependency */ = {
			isa = PBXTargetDependency;
			target = A634B3FC2A1F893B00DD8598 /* CEP+R */;
			targetProxy = A634B4192A1F893C00DD8598 /* PBXContainerItemProxy */;
		};
/* End PBXTargetDependency section */

/* Begin XCBuildConfiguration section */
		A634B4202A1F893C00DD8598 /* Debug */ = {
			isa = XCBuildConfiguration;
			buildSettings = {
				ALWAYS_SEARCH_USER_PATHS = NO;
				CLANG_ANALYZER_NONNULL = YES;
				CLANG_ANALYZER_NUMBER_OBJECT_CONVERSION = YES_AGGRESSIVE;
				CLANG_CXX_LANGUAGE_STANDARD = "gnu++20";
				CLANG_ENABLE_MODULES = YES;
				CLANG_ENABLE_OBJC_ARC = YES;
				CLANG_ENABLE_OBJC_WEAK = YES;
				CLANG_WARN_BLOCK_CAPTURE_AUTORELEASING = YES;
				CLANG_WARN_BOOL_CONVERSION = YES;
				CLANG_WARN_COMMA = YES;
				CLANG_WARN_CONSTANT_CONVERSION = YES;
				CLANG_WARN_DEPRECATED_OBJC_IMPLEMENTATIONS = YES;
				CLANG_WARN_DIRECT_OBJC_ISA_USAGE = YES_ERROR;
				CLANG_WARN_DOCUMENTATION_COMMENTS = YES;
				CLANG_WARN_EMPTY_BODY = YES;
				CLANG_WARN_ENUM_CONVERSION = YES;
				CLANG_WARN_INFINITE_RECURSION = YES;
				CLANG_WARN_INT_CONVERSION = YES;
				CLANG_WARN_NON_LITERAL_NULL_CONVERSION = YES;
				CLANG_WARN_OBJC_IMPLICIT_RETAIN_SELF = YES;
				CLANG_WARN_OBJC_LITERAL_CONVERSION = YES;
				CLANG_WARN_OBJC_ROOT_CLASS = YES_ERROR;
				CLANG_WARN_QUOTED_INCLUDE_IN_FRAMEWORK_HEADER = YES;
				CLANG_WARN_RANGE_LOOP_ANALYSIS = YES;
				CLANG_WARN_STRICT_PROTOTYPES = YES;
				CLANG_WARN_SUSPICIOUS_MOVE = YES;
				CLANG_WARN_UNGUARDED_AVAILABILITY = YES_AGGRESSIVE;
				CLANG_WARN_UNREACHABLE_CODE = YES;
				CLANG_WARN__DUPLICATE_METHOD_MATCH = YES;
				COPY_PHASE_STRIP = NO;
				DEBUG_INFORMATION_FORMAT = dwarf;
				ENABLE_STRICT_OBJC_MSGSEND = YES;
				ENABLE_TESTABILITY = YES;
				GCC_C_LANGUAGE_STANDARD = gnu11;
				GCC_DYNAMIC_NO_PIC = NO;
				GCC_NO_COMMON_BLOCKS = YES;
				GCC_OPTIMIZATION_LEVEL = 0;
				GCC_PREPROCESSOR_DEFINITIONS = (
					"DEBUG=1",
					"$(inherited)",
				);
				GCC_WARN_64_TO_32_BIT_CONVERSION = YES;
				GCC_WARN_ABOUT_RETURN_TYPE = YES_ERROR;
				GCC_WARN_UNDECLARED_SELECTOR = YES;
				GCC_WARN_UNINITIALIZED_AUTOS = YES_AGGRESSIVE;
				GCC_WARN_UNUSED_FUNCTION = YES;
				GCC_WARN_UNUSED_VARIABLE = YES;
				MACOSX_DEPLOYMENT_TARGET = 13.3;
				MTL_ENABLE_DEBUG_INFO = INCLUDE_SOURCE;
				MTL_FAST_MATH = YES;
				ONLY_ACTIVE_ARCH = YES;
				SDKROOT = macosx;
				SWIFT_ACTIVE_COMPILATION_CONDITIONS = DEBUG;
				SWIFT_OPTIMIZATION_LEVEL = "-Onone";
			};
			name = Debug;
		};
		A634B4212A1F893C00DD8598 /* Release */ = {
			isa = XCBuildConfiguration;
			buildSettings = {
				ALWAYS_SEARCH_USER_PATHS = NO;
				CLANG_ANALYZER_NONNULL = YES;
				CLANG_ANALYZER_NUMBER_OBJECT_CONVERSION = YES_AGGRESSIVE;
				CLANG_CXX_LANGUAGE_STANDARD = "gnu++20";
				CLANG_ENABLE_MODULES = YES;
				CLANG_ENABLE_OBJC_ARC = YES;
				CLANG_ENABLE_OBJC_WEAK = YES;
				CLANG_WARN_BLOCK_CAPTURE_AUTORELEASING = YES;
				CLANG_WARN_BOOL_CONVERSION = YES;
				CLANG_WARN_COMMA = YES;
				CLANG_WARN_CONSTANT_CONVERSION = YES;
				CLANG_WARN_DEPRECATED_OBJC_IMPLEMENTATIONS = YES;
				CLANG_WARN_DIRECT_OBJC_ISA_USAGE = YES_ERROR;
				CLANG_WARN_DOCUMENTATION_COMMENTS = YES;
				CLANG_WARN_EMPTY_BODY = YES;
				CLANG_WARN_ENUM_CONVERSION = YES;
				CLANG_WARN_INFINITE_RECURSION = YES;
				CLANG_WARN_INT_CONVERSION = YES;
				CLANG_WARN_NON_LITERAL_NULL_CONVERSION = YES;
				CLANG_WARN_OBJC_IMPLICIT_RETAIN_SELF = YES;
				CLANG_WARN_OBJC_LITERAL_CONVERSION = YES;
				CLANG_WARN_OBJC_ROOT_CLASS = YES_ERROR;
				CLANG_WARN_QUOTED_INCLUDE_IN_FRAMEWORK_HEADER = YES;
				CLANG_WARN_RANGE_LOOP_ANALYSIS = YES;
				CLANG_WARN_STRICT_PROTOTYPES = YES;
				CLANG_WARN_SUSPICIOUS_MOVE = YES;
				CLANG_WARN_UNGUARDED_AVAILABILITY = YES_AGGRESSIVE;
				CLANG_WARN_UNREACHABLE_CODE = YES;
				CLANG_WARN__DUPLICATE_METHOD_MATCH = YES;
				COPY_PHASE_STRIP = NO;
				DEBUG_INFORMATION_FORMAT = "dwarf-with-dsym";
				ENABLE_NS_ASSERTIONS = NO;
				ENABLE_STRICT_OBJC_MSGSEND = YES;
				GCC_C_LANGUAGE_STANDARD = gnu11;
				GCC_NO_COMMON_BLOCKS = YES;
				GCC_WARN_64_TO_32_BIT_CONVERSION = YES;
				GCC_WARN_ABOUT_RETURN_TYPE = YES_ERROR;
				GCC_WARN_UNDECLARED_SELECTOR = YES;
				GCC_WARN_UNINITIALIZED_AUTOS = YES_AGGRESSIVE;
				GCC_WARN_UNUSED_FUNCTION = YES;
				GCC_WARN_UNUSED_VARIABLE = YES;
				MACOSX_DEPLOYMENT_TARGET = 13.3;
				MTL_ENABLE_DEBUG_INFO = NO;
				MTL_FAST_MATH = YES;
				SDKROOT = macosx;
				SWIFT_COMPILATION_MODE = wholemodule;
				SWIFT_OPTIMIZATION_LEVEL = "-O";
			};
			name = Release;
		};
		A634B4232A1F893C00DD8598 /* Debug */ = {
			isa = XCBuildConfiguration;
			buildSettings = {
				ASSETCATALOG_COMPILER_APPICON_NAME = AppIcon;
				ASSETCATALOG_COMPILER_GLOBAL_ACCENT_COLOR_NAME = AccentColor;
				CODE_SIGN_ENTITLEMENTS = "CEP+R/CEP_R.entitlements";
				CODE_SIGN_STYLE = Automatic;
				COMBINE_HIDPI_IMAGES = YES;
				CURRENT_PROJECT_VERSION = 1;
				DEVELOPMENT_ASSET_PATHS = "\"CEP+R/Preview Content\"";
				DEVELOPMENT_TEAM = L45GPKVRUG;
				ENABLE_HARDENED_RUNTIME = YES;
				ENABLE_PREVIEWS = YES;
				GENERATE_INFOPLIST_FILE = YES;
				INFOPLIST_KEY_NSHumanReadableCopyright = "";
				LD_RUNPATH_SEARCH_PATHS = (
					"$(inherited)",
					"@executable_path/../Frameworks",
				);
				MARKETING_VERSION = 1.0;
				PRODUCT_BUNDLE_IDENTIFIER = "br.ufpe.academy.CEP-R";
				PRODUCT_NAME = "$(TARGET_NAME)";
				SWIFT_EMIT_LOC_STRINGS = YES;
				SWIFT_VERSION = 5.0;
			};
			name = Debug;
		};
		A634B4242A1F893C00DD8598 /* Release */ = {
			isa = XCBuildConfiguration;
			buildSettings = {
				ASSETCATALOG_COMPILER_APPICON_NAME = AppIcon;
				ASSETCATALOG_COMPILER_GLOBAL_ACCENT_COLOR_NAME = AccentColor;
				CODE_SIGN_ENTITLEMENTS = "CEP+R/CEP_R.entitlements";
				CODE_SIGN_STYLE = Automatic;
				COMBINE_HIDPI_IMAGES = YES;
				CURRENT_PROJECT_VERSION = 1;
				DEVELOPMENT_ASSET_PATHS = "\"CEP+R/Preview Content\"";
				DEVELOPMENT_TEAM = L45GPKVRUG;
				ENABLE_HARDENED_RUNTIME = YES;
				ENABLE_PREVIEWS = YES;
				GENERATE_INFOPLIST_FILE = YES;
				INFOPLIST_KEY_NSHumanReadableCopyright = "";
				LD_RUNPATH_SEARCH_PATHS = (
					"$(inherited)",
					"@executable_path/../Frameworks",
				);
				MARKETING_VERSION = 1.0;
				PRODUCT_BUNDLE_IDENTIFIER = "br.ufpe.academy.CEP-R";
				PRODUCT_NAME = "$(TARGET_NAME)";
				SWIFT_EMIT_LOC_STRINGS = YES;
				SWIFT_VERSION = 5.0;
			};
			name = Release;
		};
		A634B4262A1F893C00DD8598 /* Debug */ = {
			isa = XCBuildConfiguration;
			buildSettings = {
				ALWAYS_EMBED_SWIFT_STANDARD_LIBRARIES = YES;
				BUNDLE_LOADER = "$(TEST_HOST)";
				CODE_SIGN_STYLE = Automatic;
				CURRENT_PROJECT_VERSION = 1;
				DEVELOPMENT_TEAM = L45GPKVRUG;
				GENERATE_INFOPLIST_FILE = YES;
				MACOSX_DEPLOYMENT_TARGET = 13.3;
				MARKETING_VERSION = 1.0;
				PRODUCT_BUNDLE_IDENTIFIER = "br.ufpe.academy.CEP-RTests";
				PRODUCT_NAME = "$(TARGET_NAME)";
				SWIFT_EMIT_LOC_STRINGS = NO;
				SWIFT_VERSION = 5.0;
				TEST_HOST = "$(BUILT_PRODUCTS_DIR)/CEP+R.app/$(BUNDLE_EXECUTABLE_FOLDER_PATH)/CEP+R";
			};
			name = Debug;
		};
		A634B4272A1F893C00DD8598 /* Release */ = {
			isa = XCBuildConfiguration;
			buildSettings = {
				ALWAYS_EMBED_SWIFT_STANDARD_LIBRARIES = YES;
				BUNDLE_LOADER = "$(TEST_HOST)";
				CODE_SIGN_STYLE = Automatic;
				CURRENT_PROJECT_VERSION = 1;
				DEVELOPMENT_TEAM = L45GPKVRUG;
				GENERATE_INFOPLIST_FILE = YES;
				MACOSX_DEPLOYMENT_TARGET = 13.3;
				MARKETING_VERSION = 1.0;
				PRODUCT_BUNDLE_IDENTIFIER = "br.ufpe.academy.CEP-RTests";
				PRODUCT_NAME = "$(TARGET_NAME)";
				SWIFT_EMIT_LOC_STRINGS = NO;
				SWIFT_VERSION = 5.0;
				TEST_HOST = "$(BUILT_PRODUCTS_DIR)/CEP+R.app/$(BUNDLE_EXECUTABLE_FOLDER_PATH)/CEP+R";
			};
			name = Release;
		};
		A634B4292A1F893C00DD8598 /* Debug */ = {
			isa = XCBuildConfiguration;
			buildSettings = {
				ALWAYS_EMBED_SWIFT_STANDARD_LIBRARIES = YES;
				CODE_SIGN_STYLE = Automatic;
				CURRENT_PROJECT_VERSION = 1;
				DEVELOPMENT_TEAM = L45GPKVRUG;
				GENERATE_INFOPLIST_FILE = YES;
				MARKETING_VERSION = 1.0;
				PRODUCT_BUNDLE_IDENTIFIER = "br.ufpe.academy.CEP-RUITests";
				PRODUCT_NAME = "$(TARGET_NAME)";
				SWIFT_EMIT_LOC_STRINGS = NO;
				SWIFT_VERSION = 5.0;
				TEST_TARGET_NAME = "CEP+R";
			};
			name = Debug;
		};
		A634B42A2A1F893C00DD8598 /* Release */ = {
			isa = XCBuildConfiguration;
			buildSettings = {
				ALWAYS_EMBED_SWIFT_STANDARD_LIBRARIES = YES;
				CODE_SIGN_STYLE = Automatic;
				CURRENT_PROJECT_VERSION = 1;
				DEVELOPMENT_TEAM = L45GPKVRUG;
				GENERATE_INFOPLIST_FILE = YES;
				MARKETING_VERSION = 1.0;
				PRODUCT_BUNDLE_IDENTIFIER = "br.ufpe.academy.CEP-RUITests";
				PRODUCT_NAME = "$(TARGET_NAME)";
				SWIFT_EMIT_LOC_STRINGS = NO;
				SWIFT_VERSION = 5.0;
				TEST_TARGET_NAME = "CEP+R";
			};
			name = Release;
		};
/* End XCBuildConfiguration section */

/* Begin XCConfigurationList section */
		A634B3F82A1F893B00DD8598 /* Build configuration list for PBXProject "CEP+R" */ = {
			isa = XCConfigurationList;
			buildConfigurations = (
				A634B4202A1F893C00DD8598 /* Debug */,
				A634B4212A1F893C00DD8598 /* Release */,
			);
			defaultConfigurationIsVisible = 0;
			defaultConfigurationName = Release;
		};
		A634B4222A1F893C00DD8598 /* Build configuration list for PBXNativeTarget "CEP+R" */ = {
			isa = XCConfigurationList;
			buildConfigurations = (
				A634B4232A1F893C00DD8598 /* Debug */,
				A634B4242A1F893C00DD8598 /* Release */,
			);
			defaultConfigurationIsVisible = 0;
			defaultConfigurationName = Release;
		};
		A634B4252A1F893C00DD8598 /* Build configuration list for PBXNativeTarget "CEP+RTests" */ = {
			isa = XCConfigurationList;
			buildConfigurations = (
				A634B4262A1F893C00DD8598 /* Debug */,
				A634B4272A1F893C00DD8598 /* Release */,
			);
			defaultConfigurationIsVisible = 0;
			defaultConfigurationName = Release;
		};
		A634B4282A1F893C00DD8598 /* Build configuration list for PBXNativeTarget "CEP+RUITests" */ = {
			isa = XCConfigurationList;
			buildConfigurations = (
				A634B4292A1F893C00DD8598 /* Debug */,
				A634B42A2A1F893C00DD8598 /* Release */,
			);
			defaultConfigurationIsVisible = 0;
			defaultConfigurationName = Release;
		};
/* End XCConfigurationList section */
	};
	rootObject = A634B3F52A1F893B00DD8598 /* Project object */;
}
